
Microsoft Visual Studio Solution File, Format Version 11.00
# Visual Studio 2010
# SharpDevelop 5.1
Project("{FAE04EC0-301F-11D3-BF4B-00C04F79EFBC}") = "Stadium_Viewer", "Stadium_Viewer\Stadium_Viewer.csproj", "{65D9D223-0FB6-4CA8-BF8C-6242BF62F284}"
EndProject
Global
	GlobalSection(SolutionConfigurationPlatforms) = preSolution
		Debug|Any CPU = Debug|Any CPU
		Release|Any CPU = Release|Any CPU
	EndGlobalSection
	GlobalSection(ProjectConfigurationPlatforms) = postSolution
		{65D9D223-0FB6-4CA8-BF8C-6242BF62F284}.Debug|Any CPU.ActiveCfg = Debug|Any CPU
		{65D9D223-0FB6-4CA8-BF8C-6242BF62F284}.Debug|Any CPU.Build.0 = Debug|Any CPU
		{65D9D223-0FB6-4CA8-BF8C-6242BF62F284}.Release|Any CPU.ActiveCfg = Release|Any CPU
		{65D9D223-0FB6-4CA8-BF8C-6242BF62F284}.Release|Any CPU.Build.0 = Release|Any CPU
	EndGlobalSection
EndGlobal
